
Microsoft Visual Studio Solution File, Format Version 12.00
# Visual Studio Version 16
VisualStudioVersion = 16.0.30907.101
MinimumVisualStudioVersion = 10.0.40219.1
Project("{FAE04EC0-301F-11D3-BF4B-00C04F79EFBC}") = "WindowsFormsApp5Ex10", "WindowsFormsApp5Ex10\WindowsFormsApp5Ex10.csproj", "{FE4A399B-06A7-4AAA-B9A0-12A1C57BB27E}"
EndProject
Global
	GlobalSection(SolutionConfigurationPlatforms) = preSolution
		Debug|Any CPU = Debug|Any CPU
		Release|Any CPU = Release|Any CPU
	EndGlobalSection
	GlobalSection(ProjectConfigurationPlatforms) = postSolution
		{FE4A399B-06A7-4AAA-B9A0-12A1C57BB27E}.Debug|Any CPU.ActiveCfg = Debug|Any CPU
		{FE4A399B-06A7-4AAA-B9A0-12A1C57BB27E}.Debug|Any CPU.Build.0 = Debug|Any CPU
		{FE4A399B-06A7-4AAA-B9A0-12A1C57BB27E}.Release|Any CPU.ActiveCfg = Release|Any CPU
		{FE4A399B-06A7-4AAA-B9A0-12A1C57BB27E}.Release|Any CPU.Build.0 = Release|Any CPU
	EndGlobalSection
	GlobalSection(SolutionProperties) = preSolution
		HideSolutionNode = FALSE
	EndGlobalSection
	GlobalSection(ExtensibilityGlobals) = postSolution
		SolutionGuid = {CB4B8332-C493-4D86-BDD4-E13FE7CDAF23}
	EndGlobalSection
EndGlobal
